
Microsoft Visual Studio Solution File, Format Version 12.00
# Visual Studio Version 17
VisualStudioVersion = 17.8.34330.188
MinimumVisualStudioVersion = 10.0.40219.1
Project("{FAE04EC0-301F-11D3-BF4B-00C04F79EFBC}") = "JQueryEffectsDemo", "JQueryEffectsDemo.csproj", "{6907525E-2D78-4E79-9F37-309E5E46F125}"
EndProject
Global
	GlobalSection(SolutionConfigurationPlatforms) = preSolution
		Debug|Any CPU = Debug|Any CPU
		Release|Any CPU = Release|Any CPU
	EndGlobalSection
	GlobalSection(ProjectConfigurationPlatforms) = postSolution
		{6907525E-2D78-4E79-9F37-309E5E46F125}.Debug|Any CPU.ActiveCfg = Debug|Any CPU
		{6907525E-2D78-4E79-9F37-309E5E46F125}.Debug|Any CPU.Build.0 = Debug|Any CPU
		{6907525E-2D78-4E79-9F37-309E5E46F125}.Release|Any CPU.ActiveCfg = Release|Any CPU
		{6907525E-2D78-4E79-9F37-309E5E46F125}.Release|Any CPU.Build.0 = Release|Any CPU
	EndGlobalSection
	GlobalSection(SolutionProperties) = preSolution
		HideSolutionNode = FALSE
	EndGlobalSection
	GlobalSection(ExtensibilityGlobals) = postSolution
		SolutionGuid = {80721808-BCC5-4350-A77D-560505E259C1}
	EndGlobalSection
EndGlobal
